
Microsoft Visual Studio Solution File, Format Version 12.00
# Visual Studio Version 17
VisualStudioVersion = 17.0.31912.275
MinimumVisualStudioVersion = 10.0.40219.1
Project("{FAE04EC0-301F-11D3-BF4B-00C04F79EFBC}") = "BlazorYololEmulator.Server", "BlazorYololEmulator\Server\BlazorYololEmulator.Server.csproj", "{A3AD8FFB-C4D9-4D4A-8D0A-E32D1C22C6B9}"
EndProject
Project("{FAE04EC0-301F-11D3-BF4B-00C04F79EFBC}") = "BlazorYololEmulator.Client", "BlazorYololEmulator\Client\BlazorYololEmulator.Client.csproj", "{0090E326-9662-479F-B26D-D2D4CE294DA7}"
EndProject
Project("{FAE04EC0-301F-11D3-BF4B-00C04F79EFBC}") = "BlazorYololEmulator.Shared", "BlazorYololEmulator\Shared\BlazorYololEmulator.Shared.csproj", "{A66DB539-B3C1-4467-85A7-04B4FB336084}"
EndProject
Global
	GlobalSection(SolutionConfigurationPlatforms) = preSolution
		Debug|Any CPU = Debug|Any CPU
		Release|Any CPU = Release|Any CPU
	EndGlobalSection
	GlobalSection(ProjectConfigurationPlatforms) = postSolution
		{A3AD8FFB-C4D9-4D4A-8D0A-E32D1C22C6B9}.Debug|Any CPU.ActiveCfg = Debug|Any CPU
		{A3AD8FFB-C4D9-4D4A-8D0A-E32D1C22C6B9}.Debug|Any CPU.Build.0 = Debug|Any CPU
		{A3AD8FFB-C4D9-4D4A-8D0A-E32D1C22C6B9}.Release|Any CPU.ActiveCfg = Release|Any CPU
		{A3AD8FFB-C4D9-4D4A-8D0A-E32D1C22C6B9}.Release|Any CPU.Build.0 = Release|Any CPU
		{0090E326-9662-479F-B26D-D2D4CE294DA7}.Debug|Any CPU.ActiveCfg = Debug|Any CPU
		{0090E326-9662-479F-B26D-D2D4CE294DA7}.Debug|Any CPU.Build.0 = Debug|Any CPU
		{0090E326-9662-479F-B26D-D2D4CE294DA7}.Release|Any CPU.ActiveCfg = Release|Any CPU
		{0090E326-9662-479F-B26D-D2D4CE294DA7}.Release|Any CPU.Build.0 = Release|Any CPU
		{A66DB539-B3C1-4467-85A7-04B4FB336084}.Debug|Any CPU.ActiveCfg = Debug|Any CPU
		{A66DB539-B3C1-4467-85A7-04B4FB336084}.Debug|Any CPU.Build.0 = Debug|Any CPU
		{A66DB539-B3C1-4467-85A7-04B4FB336084}.Release|Any CPU.ActiveCfg = Release|Any CPU
		{A66DB539-B3C1-4467-85A7-04B4FB336084}.Release|Any CPU.Build.0 = Release|Any CPU
	EndGlobalSection
	GlobalSection(SolutionProperties) = preSolution
		HideSolutionNode = FALSE
	EndGlobalSection
	GlobalSection(ExtensibilityGlobals) = postSolution
		SolutionGuid = {FEC455AC-D3CF-4A34-92BA-D5E1FBE6FE39}
	EndGlobalSection
EndGlobal
